{
  "name": "opaque-tests",
  "version": "1.0.0",
  "lockfileVersion": 2,
  "requires": true,
  "packages": {
    "": {
      "name": "opaque-tests",
      "version": "1.0.0",
      "license": "ISC",
      "dependencies": {
        "@nthparty/oblivious": "^1.3.0"
      }
    },
    "node_modules/@nthparty/oblivious": {
      "version": "1.3.0",
      "resolved": "https://registry.npmjs.org/@nthparty/oblivious/-/oblivious-1.3.0.tgz",
      "integrity": "sha512-8QEM7rcAT7C4ZxtyX7AKpbEWaaJtsmuPS0fe8SxES0RgPHcOMNH8JoBMTUyj68/3oMkUR/PYwUFendpSufUBCQ==",
      "dependencies": {
        "@types/libsodium-wrappers": "^0.7.9",
        "@types/libsodium-wrappers-sumo": "^0.7.5",
        "@types/node": "^16.0.0",
        "libsodium-wrappers-sumo": "^0.7.9"
      }
    },
    "node_modules/@types/libsodium-wrappers": {
      "version": "0.7.9",
      "resolved": "https://registry.npmjs.org/@types/libsodium-wrappers/-/libsodium-wrappers-0.7.9.tgz",
      "integrity": "sha512-LisgKLlYQk19baQwjkBZZXdJL0KbeTpdEnrAfz5hQACbklCY0gVFnsKUyjfNWF1UQsCSjw93Sj5jSbiO8RPfdw=="
    },
    "node_modules/@types/libsodium-wrappers-sumo": {
      "version": "0.7.5",
      "resolved": "https://registry.npmjs.org/@types/libsodium-wrappers-sumo/-/libsodium-wrappers-sumo-0.7.5.tgz",
      "integrity": "sha512-CL7rmLxw28H/FpFUnMu5BzzRsE+ICxHBpRoaY8ks+3HMsCJdA/Vp809sj+qNhw64Ht0OEnfoN3BC1sHwagoVaw==",
      "dependencies": {
        "@types/libsodium-wrappers": "*"
      }
    },
    "node_modules/@types/node": {
      "version": "16.11.26",
      "resolved": "https://registry.npmjs.org/@types/node/-/node-16.11.26.tgz",
      "integrity": "sha512-GZ7bu5A6+4DtG7q9GsoHXy3ALcgeIHP4NnL0Vv2wu0uUB/yQex26v0tf6/na1mm0+bS9Uw+0DFex7aaKr2qawQ=="
    },
    "node_modules/libsodium-sumo": {
      "version": "0.7.10",
      "resolved": "https://registry.npmjs.org/libsodium-sumo/-/libsodium-sumo-0.7.10.tgz",
      "integrity": "sha512-xvYHwrTPvw9EFvX77x6gFiB7vdTv4+9xpM5DCkg9FJwysHoBO7sYXxXjy5L2gQSuWaINbtjBUry9eCg/+nYwCA=="
    },
    "node_modules/libsodium-wrappers-sumo": {
      "version": "0.7.10",
      "resolved": "https://registry.npmjs.org/libsodium-wrappers-sumo/-/libsodium-wrappers-sumo-0.7.10.tgz",
      "integrity": "sha512-1noz8Mcl/LUzO/iSO/FJzoJyIaPwxl+/+E4CoTIXtsPiEEXQx2sxalmrVWxteLpynqgX0ASo28ChB9NEVRh0Pg==",
      "dependencies": {
        "libsodium-sumo": "^0.7.0"
      }
    }
  },
  "dependencies": {
    "@nthparty/oblivious": {
      "version": "1.3.0",
      "resolved": "https://registry.npmjs.org/@nthparty/oblivious/-/oblivious-1.3.0.tgz",
      "integrity": "sha512-8QEM7rcAT7C4ZxtyX7AKpbEWaaJtsmuPS0fe8SxES0RgPHcOMNH8JoBMTUyj68/3oMkUR/PYwUFendpSufUBCQ==",
      "requires": {
        "@types/libsodium-wrappers": "^0.7.9",
        "@types/libsodium-wrappers-sumo": "^0.7.5",
        "@types/node": "^16.0.0",
        "libsodium-wrappers-sumo": "^0.7.9"
      }
    },
    "@types/libsodium-wrappers": {
      "version": "0.7.9",
      "resolved": "https://registry.npmjs.org/@types/libsodium-wrappers/-/libsodium-wrappers-0.7.9.tgz",
      "integrity": "sha512-LisgKLlYQk19baQwjkBZZXdJL0KbeTpdEnrAfz5hQACbklCY0gVFnsKUyjfNWF1UQsCSjw93Sj5jSbiO8RPfdw=="
    },
    "@types/libsodium-wrappers-sumo": {
      "version": "0.7.5",
      "resolved": "https://registry.npmjs.org/@types/libsodium-wrappers-sumo/-/libsodium-wrappers-sumo-0.7.5.tgz",
      "integrity": "sha512-CL7rmLxw28H/FpFUnMu5BzzRsE+ICxHBpRoaY8ks+3HMsCJdA/Vp809sj+qNhw64Ht0OEnfoN3BC1sHwagoVaw==",
      "requires": {
        "@types/libsodium-wrappers": "*"
      }
    },
    "@types/node": {
      "version": "16.11.26",
      "resolved": "https://registry.npmjs.org/@types/node/-/node-16.11.26.tgz",
      "integrity": "sha512-GZ7bu5A6+4DtG7q9GsoHXy3ALcgeIHP4NnL0Vv2wu0uUB/yQex26v0tf6/na1mm0+bS9Uw+0DFex7aaKr2qawQ=="
    },
    "libsodium-sumo": {
      "version": "0.7.10",
      "resolved": "https://registry.npmjs.org/libsodium-sumo/-/libsodium-sumo-0.7.10.tgz",
      "integrity": "sha512-xvYHwrTPvw9EFvX77x6gFiB7vdTv4+9xpM5DCkg9FJwysHoBO7sYXxXjy5L2gQSuWaINbtjBUry9eCg/+nYwCA=="
    },
    "libsodium-wrappers-sumo": {
      "version": "0.7.10",
      "resolved": "https://registry.npmjs.org/libsodium-wrappers-sumo/-/libsodium-wrappers-sumo-0.7.10.tgz",
      "integrity": "sha512-1noz8Mcl/LUzO/iSO/FJzoJyIaPwxl+/+E4CoTIXtsPiEEXQx2sxalmrVWxteLpynqgX0ASo28ChB9NEVRh0Pg==",
      "requires": {
        "libsodium-sumo": "^0.7.0"
      }
    }
  }
}
